
Microsoft Visual Studio Solution File, Format Version 12.00
# Visual Studio Version 17
VisualStudioVersion = 17.0.31717.71
MinimumVisualStudioVersion = 10.0.40219.1
Project("{9A19103F-16F7-4668-BE54-9A1E7A4F7556}") = "TeamSchedule.Server", "TeamSchedule\Server\TeamSchedule.Server.csproj", "{A22E7D5B-460B-4FBD-9864-767C75E02D66}"
EndProject
Project("{9A19103F-16F7-4668-BE54-9A1E7A4F7556}") = "TeamSchedule.Client", "TeamSchedule\Client\TeamSchedule.Client.csproj", "{01ADCDCF-7240-47E5-AB35-377F7A006999}"
EndProject
Project("{9A19103F-16F7-4668-BE54-9A1E7A4F7556}") = "TeamSchedule.Shared", "TeamSchedule\Shared\TeamSchedule.Shared.csproj", "{E067E0C7-C0A4-4C0B-BD9E-1997E4C64316}"
EndProject
Global
	GlobalSection(SolutionConfigurationPlatforms) = preSolution
		Debug|Any CPU = Debug|Any CPU
		Release|Any CPU = Release|Any CPU
	EndGlobalSection
	GlobalSection(ProjectConfigurationPlatforms) = postSolution
		{A22E7D5B-460B-4FBD-9864-767C75E02D66}.Debug|Any CPU.ActiveCfg = Debug|Any CPU
		{A22E7D5B-460B-4FBD-9864-767C75E02D66}.Debug|Any CPU.Build.0 = Debug|Any CPU
		{A22E7D5B-460B-4FBD-9864-767C75E02D66}.Release|Any CPU.ActiveCfg = Release|Any CPU
		{A22E7D5B-460B-4FBD-9864-767C75E02D66}.Release|Any CPU.Build.0 = Release|Any CPU
		{01ADCDCF-7240-47E5-AB35-377F7A006999}.Debug|Any CPU.ActiveCfg = Debug|Any CPU
		{01ADCDCF-7240-47E5-AB35-377F7A006999}.Debug|Any CPU.Build.0 = Debug|Any CPU
		{01ADCDCF-7240-47E5-AB35-377F7A006999}.Release|Any CPU.ActiveCfg = Release|Any CPU
		{01ADCDCF-7240-47E5-AB35-377F7A006999}.Release|Any CPU.Build.0 = Release|Any CPU
		{E067E0C7-C0A4-4C0B-BD9E-1997E4C64316}.Debug|Any CPU.ActiveCfg = Debug|Any CPU
		{E067E0C7-C0A4-4C0B-BD9E-1997E4C64316}.Debug|Any CPU.Build.0 = Debug|Any CPU
		{E067E0C7-C0A4-4C0B-BD9E-1997E4C64316}.Release|Any CPU.ActiveCfg = Release|Any CPU
		{E067E0C7-C0A4-4C0B-BD9E-1997E4C64316}.Release|Any CPU.Build.0 = Release|Any CPU
	EndGlobalSection
	GlobalSection(SolutionProperties) = preSolution
		HideSolutionNode = FALSE
	EndGlobalSection
	GlobalSection(ExtensibilityGlobals) = postSolution
		SolutionGuid = {B710544F-0250-4A53-BD9E-945534684EE7}
	EndGlobalSection
EndGlobal
